Microsoft Visual Studio Solution File, Format Version 12.00
# Visual Studio Version 16
VisualStudioVersion = 16.0.29001.49
MinimumVisualStudioVersion = 15.0.26124.0
Project("{2150E333-8FDC-42A3-9474-1A3956D46DE8}") = "docker", "docker", "{60019088-8481-4DD9-A8E1-8093A2B6E1A3}"
	ProjectSection(SolutionItems) = preProject
		docker-compose.mongo.yml = docker-compose.mongo.yml
		docker-compose.override.windows.yml = docker-compose.override.windows.yml
		docker-compose.override.yml = docker-compose.override.yml
		docker-compose.yml = docker-compose.yml
	EndProjectSection
EndProject
Project("{2150E333-8FDC-42A3-9474-1A3956D46DE8}") = "docs", "docs", "{D0449CE6-4212-4304-B33F-30BC523DB468}"
	ProjectSection(SolutionItems) = preProject
		docs\DOCKER-COMPOSE.md = docs\DOCKER-COMPOSE.md
		docs\KUBERNETES.md = docs\KUBERNETES.md
		README.md = README.md
	EndProjectSection
EndProject
Project("{2150E333-8FDC-42A3-9474-1A3956D46DE8}") = "manifests", "manifests", "{A2E0E023-10B6-44BD-94B7-D8EDBAC54268}"
	ProjectSection(SolutionItems) = preProject
		manifests\clusterip-deployment.yaml = manifests\clusterip-deployment.yaml
		manifests\configmap.yaml = manifests\configmap.yaml
		manifests\ingress.yaml = manifests\ingress.yaml
		manifests\loadbalancer-deployment.yaml = manifests\loadbalancer-deployment.yaml
		manifests\secrets.yaml = manifests\secrets.yaml
	EndProjectSection
EndProject
Project("{2150E333-8FDC-42A3-9474-1A3956D46DE8}") = "src", "src", "{0AFBEFC1-F7A3-4044-83F9-B897014F54E3}"
EndProject
Project("{2150E333-8FDC-42A3-9474-1A3956D46DE8}") = "test", "test", "{B54300DA-0B2F-4EC8-8B99-EA821EDEC50F}"
EndProject
Project("{9A19103F-16F7-4668-BE54-9A1E7A4F7556}") = "BookLibrary", "src\BookLibrary\BookLibrary.csproj", "{D3E275ED-2FF3-4D9D-BDFE-E44BB42312F8}"
EndProject
Project("{9A19103F-16F7-4668-BE54-9A1E7A4F7556}") = "BookLibrary.Test", "test\BookLibrary.Test\BookLibrary.Test.csproj", "{10CBA805-0538-4F00-B39E-874A01C5B0F8}"
EndProject
Global
	GlobalSection(SolutionConfigurationPlatforms) = preSolution
		Debug|Any CPU = Debug|Any CPU
		Release|Any CPU = Release|Any CPU
	EndGlobalSection
	GlobalSection(ProjectConfigurationPlatforms) = postSolution
		{D3E275ED-2FF3-4D9D-BDFE-E44BB42312F8}.Debug|Any CPU.ActiveCfg = Debug|Any CPU
		{D3E275ED-2FF3-4D9D-BDFE-E44BB42312F8}.Debug|Any CPU.Build.0 = Debug|Any CPU
		{D3E275ED-2FF3-4D9D-BDFE-E44BB42312F8}.Release|Any CPU.ActiveCfg = Release|Any CPU
		{D3E275ED-2FF3-4D9D-BDFE-E44BB42312F8}.Release|Any CPU.Build.0 = Release|Any CPU
		{10CBA805-0538-4F00-B39E-874A01C5B0F8}.Debug|Any CPU.ActiveCfg = Debug|Any CPU
		{10CBA805-0538-4F00-B39E-874A01C5B0F8}.Debug|Any CPU.Build.0 = Debug|Any CPU
		{10CBA805-0538-4F00-B39E-874A01C5B0F8}.Release|Any CPU.ActiveCfg = Release|Any CPU
		{10CBA805-0538-4F00-B39E-874A01C5B0F8}.Release|Any CPU.Build.0 = Release|Any CPU
	EndGlobalSection
	GlobalSection(SolutionProperties) = preSolution
		HideSolutionNode = FALSE
	EndGlobalSection
	GlobalSection(NestedProjects) = preSolution
		{D3E275ED-2FF3-4D9D-BDFE-E44BB42312F8} = {0AFBEFC1-F7A3-4044-83F9-B897014F54E3}
		{10CBA805-0538-4F00-B39E-874A01C5B0F8} = {B54300DA-0B2F-4EC8-8B99-EA821EDEC50F}
	EndGlobalSection
	GlobalSection(ExtensibilityGlobals) = postSolution
		SolutionGuid = {FF1951E4-D1B0-4674-A01A-C6021E25895A}
	EndGlobalSection
EndGlobal
