Microsoft Visual Studio Solution File, Format Version 12.00
# Visual Studio 15
VisualStudioVersion = 15.0.26730.3
MinimumVisualStudioVersion = 15.0.26124.0
Project("{9A19103F-16F7-4668-BE54-9A1E7A4F7556}") = "BookLibrary", "BookLibrary\BookLibrary.csproj", "{E0A3D081-ACE4-44DC-9288-F90ABE1D28E1}"
EndProject
Project("{9A19103F-16F7-4668-BE54-9A1E7A4F7556}") = "BookLibrary.Test", "BookLibrary.Test\BookLibrary.Test.csproj", "{CA1852FA-6D4A-464F-A985-027C0C3FD178}"
EndProject
Project("{2150E333-8FDC-42A3-9474-1A3956D46DE8}") = "Docker", "Docker", "{60019088-8481-4DD9-A8E1-8093A2B6E1A3}"
	ProjectSection(SolutionItems) = preProject
		build.sh = build.sh
		docker-compose-build.yml = docker-compose-build.yml
		docker-compose-mongo.yml = docker-compose-mongo.yml
		docker-compose.yml = docker-compose.yml
	EndProjectSection
EndProject
Project("{2150E333-8FDC-42A3-9474-1A3956D46DE8}") = "Docs", "Docs", "{D0449CE6-4212-4304-B33F-30BC523DB468}"
	ProjectSection(SolutionItems) = preProject
		LICENSE.txt = LICENSE.txt
		README.md = README.md
	EndProjectSection
EndProject
Global
	GlobalSection(SolutionConfigurationPlatforms) = preSolution
		Debug|Any CPU = Debug|Any CPU
		Debug|x64 = Debug|x64
		Debug|x86 = Debug|x86
		Release|Any CPU = Release|Any CPU
		Release|x64 = Release|x64
		Release|x86 = Release|x86
	EndGlobalSection
	GlobalSection(ProjectConfigurationPlatforms) = postSolution
		{E0A3D081-ACE4-44DC-9288-F90ABE1D28E1}.Debug|Any CPU.ActiveCfg = Debug|Any CPU
		{E0A3D081-ACE4-44DC-9288-F90ABE1D28E1}.Debug|Any CPU.Build.0 = Debug|Any CPU
		{E0A3D081-ACE4-44DC-9288-F90ABE1D28E1}.Debug|x64.ActiveCfg = Debug|Any CPU
		{E0A3D081-ACE4-44DC-9288-F90ABE1D28E1}.Debug|x64.Build.0 = Debug|Any CPU
		{E0A3D081-ACE4-44DC-9288-F90ABE1D28E1}.Debug|x86.ActiveCfg = Debug|Any CPU
		{E0A3D081-ACE4-44DC-9288-F90ABE1D28E1}.Debug|x86.Build.0 = Debug|Any CPU
		{E0A3D081-ACE4-44DC-9288-F90ABE1D28E1}.Release|Any CPU.ActiveCfg = Release|Any CPU
		{E0A3D081-ACE4-44DC-9288-F90ABE1D28E1}.Release|Any CPU.Build.0 = Release|Any CPU
		{E0A3D081-ACE4-44DC-9288-F90ABE1D28E1}.Release|x64.ActiveCfg = Release|Any CPU
		{E0A3D081-ACE4-44DC-9288-F90ABE1D28E1}.Release|x64.Build.0 = Release|Any CPU
		{E0A3D081-ACE4-44DC-9288-F90ABE1D28E1}.Release|x86.ActiveCfg = Release|Any CPU
		{E0A3D081-ACE4-44DC-9288-F90ABE1D28E1}.Release|x86.Build.0 = Release|Any CPU
		{CA1852FA-6D4A-464F-A985-027C0C3FD178}.Debug|Any CPU.ActiveCfg = Debug|Any CPU
		{CA1852FA-6D4A-464F-A985-027C0C3FD178}.Debug|Any CPU.Build.0 = Debug|Any CPU
		{CA1852FA-6D4A-464F-A985-027C0C3FD178}.Debug|x64.ActiveCfg = Debug|Any CPU
		{CA1852FA-6D4A-464F-A985-027C0C3FD178}.Debug|x64.Build.0 = Debug|Any CPU
		{CA1852FA-6D4A-464F-A985-027C0C3FD178}.Debug|x86.ActiveCfg = Debug|Any CPU
		{CA1852FA-6D4A-464F-A985-027C0C3FD178}.Debug|x86.Build.0 = Debug|Any CPU
		{CA1852FA-6D4A-464F-A985-027C0C3FD178}.Release|Any CPU.ActiveCfg = Release|Any CPU
		{CA1852FA-6D4A-464F-A985-027C0C3FD178}.Release|Any CPU.Build.0 = Release|Any CPU
		{CA1852FA-6D4A-464F-A985-027C0C3FD178}.Release|x64.ActiveCfg = Release|Any CPU
		{CA1852FA-6D4A-464F-A985-027C0C3FD178}.Release|x64.Build.0 = Release|Any CPU
		{CA1852FA-6D4A-464F-A985-027C0C3FD178}.Release|x86.ActiveCfg = Release|Any CPU
		{CA1852FA-6D4A-464F-A985-027C0C3FD178}.Release|x86.Build.0 = Release|Any CPU
	EndGlobalSection
	GlobalSection(SolutionProperties) = preSolution
		HideSolutionNode = FALSE
	EndGlobalSection
	GlobalSection(ExtensibilityGlobals) = postSolution
		SolutionGuid = {FF1951E4-D1B0-4674-A01A-C6021E25895A}
	EndGlobalSection
EndGlobal
